
Microsoft Visual Studio Solution File, Format Version 12.00
# Visual Studio Version 17
VisualStudioVersion = 17.7.34031.279
MinimumVisualStudioVersion = 10.0.40219.1
Project("{888888A0-9F3D-457C-B088-3A5042F75D52}") = "Shariki_Calc", "Shariki_Calc\Shariki_Calc.pyproj", "{31FF2F68-64A2-456C-9071-A2CE965948D8}"
EndProject
Global
	GlobalSection(SolutionConfigurationPlatforms) = preSolution
		Debug|Any CPU = Debug|Any CPU
		Release|Any CPU = Release|Any CPU
	EndGlobalSection
	GlobalSection(ProjectConfigurationPlatforms) = postSolution
		{31FF2F68-64A2-456C-9071-A2CE965948D8}.Debug|Any CPU.ActiveCfg = Debug|Any CPU
		{31FF2F68-64A2-456C-9071-A2CE965948D8}.Release|Any CPU.ActiveCfg = Release|Any CPU
	EndGlobalSection
	GlobalSection(SolutionProperties) = preSolution
		HideSolutionNode = FALSE
	EndGlobalSection
	GlobalSection(ExtensibilityGlobals) = postSolution
		SolutionGuid = {C0EB05A9-D1C1-4D9C-B662-311CC590BB3D}
	EndGlobalSection
EndGlobal
